{
  "name": "UnitConverter",
  "lockfileVersion": 2,
  "requires": true,
  "packages": {
    "": {
      "dependencies": {
        "units-converter": "^1.0.3"
      }
    },
    "node_modules/units-converter": {
      "version": "1.0.3",
      "resolved": "https://registry.npmjs.org/units-converter/-/units-converter-1.0.3.tgz",
      "integrity": "sha512-tcAwnZxH8NUx0T/eltQ2CUZ21jJxLRHF7dkPoYDFdX+W+VHxbvb/aH5xXBa0Cdp1tpyFI6rju+Jnpj9seuudqg=="
    }
  },
  "dependencies": {
    "units-converter": {
      "version": "1.0.3",
      "resolved": "https://registry.npmjs.org/units-converter/-/units-converter-1.0.3.tgz",
      "integrity": "sha512-tcAwnZxH8NUx0T/eltQ2CUZ21jJxLRHF7dkPoYDFdX+W+VHxbvb/aH5xXBa0Cdp1tpyFI6rju+Jnpj9seuudqg=="
    }
  }
}
